
Microsoft Visual Studio Solution File, Format Version 12.00
# Visual Studio Version 17
VisualStudioVersion = 17.1.32210.238
MinimumVisualStudioVersion = 10.0.40219.1
Project("{FAE04EC0-301F-11D3-BF4B-00C04F79EFBC}") = "ContactsAPI", "ContactsAPI\ContactsAPI.csproj", "{5FEFA594-F7DB-49EC-9CE7-7D379DA7B6CB}"
EndProject
Global
	GlobalSection(SolutionConfigurationPlatforms) = preSolution
		Debug|Any CPU = Debug|Any CPU
		Release|Any CPU = Release|Any CPU
	EndGlobalSection
	GlobalSection(ProjectConfigurationPlatforms) = postSolution
		{5FEFA594-F7DB-49EC-9CE7-7D379DA7B6CB}.Debug|Any CPU.ActiveCfg = Debug|Any CPU
		{5FEFA594-F7DB-49EC-9CE7-7D379DA7B6CB}.Debug|Any CPU.Build.0 = Debug|Any CPU
		{5FEFA594-F7DB-49EC-9CE7-7D379DA7B6CB}.Release|Any CPU.ActiveCfg = Release|Any CPU
		{5FEFA594-F7DB-49EC-9CE7-7D379DA7B6CB}.Release|Any CPU.Build.0 = Release|Any CPU
	EndGlobalSection
	GlobalSection(SolutionProperties) = preSolution
		HideSolutionNode = FALSE
	EndGlobalSection
	GlobalSection(ExtensibilityGlobals) = postSolution
		SolutionGuid = {33B5EA97-7376-4CAE-B831-1B18D013D1F4}
	EndGlobalSection
EndGlobal
